// !$*UTF8*$!
{
	archiveVersion = 1;
	classes = {
	};
	objectVersion = 56;
	objects = {

/* Begin PBXBuildFile section */
		631AC9A229E2D594007924E2 /* ZIPFoundation in Frameworks */ = {isa = PBXBuildFile; productRef = 631AC9A129E2D594007924E2 /* ZIPFoundation */; };
		6341B47E29E9D15F000EB424 /* AuthorizationPresenter.swift in Sources */ = {isa = PBXBuildFile; fileRef = 6341B47A29E9D15F000EB424 /* AuthorizationPresenter.swift */; };
		6341B47F29E9D15F000EB424 /* AuthorizationRouter.swift in Sources */ = {isa = PBXBuildFile; fileRef = 6341B47B29E9D15F000EB424 /* AuthorizationRouter.swift */; };
		6341B48029E9D15F000EB424 /* AuthorizationViewController.swift in Sources */ = {isa = PBXBuildFile; fileRef = 6341B47C29E9D15F000EB424 /* AuthorizationViewController.swift */; };
		6341B48129E9D15F000EB424 /* AuthorizationModuleConfigurator.swift in Sources */ = {isa = PBXBuildFile; fileRef = 6341B47D29E9D15F000EB424 /* AuthorizationModuleConfigurator.swift */; };
		6379293C29D06A78007667EE /* AppDelegate.swift in Sources */ = {isa = PBXBuildFile; fileRef = 6379293B29D06A78007667EE /* AppDelegate.swift */; };
		6379294029D06A78007667EE /* ViewController.swift in Sources */ = {isa = PBXBuildFile; fileRef = 6379293F29D06A78007667EE /* ViewController.swift */; };
		6379294529D06A7B007667EE /* Assets.xcassets in Resources */ = {isa = PBXBuildFile; fileRef = 6379294429D06A7B007667EE /* Assets.xcassets */; };
		6379294829D06A7B007667EE /* LaunchScreen.storyboard in Resources */ = {isa = PBXBuildFile; fileRef = 6379294629D06A7B007667EE /* LaunchScreen.storyboard */; };
		6379295129D0780E007667EE /* SnapKit in Frameworks */ = {isa = PBXBuildFile; productRef = 6379295029D0780E007667EE /* SnapKit */; };
		6379295929D07891007667EE /* DicomFilesPresenter.swift in Sources */ = {isa = PBXBuildFile; fileRef = 6379295529D07891007667EE /* DicomFilesPresenter.swift */; };
		6379295A29D07891007667EE /* DicomFilesRouter.swift in Sources */ = {isa = PBXBuildFile; fileRef = 6379295629D07891007667EE /* DicomFilesRouter.swift */; };
		6379295B29D07891007667EE /* DicomFilesViewController.swift in Sources */ = {isa = PBXBuildFile; fileRef = 6379295729D07891007667EE /* DicomFilesViewController.swift */; };
		6379295C29D07891007667EE /* DicomFilesModuleConfigurator.swift in Sources */ = {isa = PBXBuildFile; fileRef = 6379295829D07891007667EE /* DicomFilesModuleConfigurator.swift */; };
		638D05CC29D30E27001D0C38 /* MarkupScreenPresenter.swift in Sources */ = {isa = PBXBuildFile; fileRef = 638D05C829D30E27001D0C38 /* MarkupScreenPresenter.swift */; };
		638D05CD29D30E27001D0C38 /* MarkupScreenRouter.swift in Sources */ = {isa = PBXBuildFile; fileRef = 638D05C929D30E27001D0C38 /* MarkupScreenRouter.swift */; };
		638D05CE29D30E27001D0C38 /* MarkupScreenViewController.swift in Sources */ = {isa = PBXBuildFile; fileRef = 638D05CA29D30E27001D0C38 /* MarkupScreenViewController.swift */; };
		638D05CF29D30E27001D0C38 /* MarkupScreenModuleConfigurator.swift in Sources */ = {isa = PBXBuildFile; fileRef = 638D05CB29D30E27001D0C38 /* MarkupScreenModuleConfigurator.swift */; };
		63CD854F29D1C3E800B0C6EC /* TableViewCell.swift in Sources */ = {isa = PBXBuildFile; fileRef = 63CD854E29D1C3E800B0C6EC /* TableViewCell.swift */; };
		63CD855229D1D0A700B0C6EC /* ExtUIColor.swift in Sources */ = {isa = PBXBuildFile; fileRef = 63CD855129D1D0A700B0C6EC /* ExtUIColor.swift */; };
/* End PBXBuildFile section */

/* Begin PBXFileReference section */
		6341B47A29E9D15F000EB424 /* AuthorizationPresenter.swift */ = {isa = PBXFileReference; lastKnownFileType = sourcecode.swift; path = AuthorizationPresenter.swift; sourceTree = "<group>"; };
		6341B47B29E9D15F000EB424 /* AuthorizationRouter.swift */ = {isa = PBXFileReference; lastKnownFileType = sourcecode.swift; path = AuthorizationRouter.swift; sourceTree = "<group>"; };
		6341B47C29E9D15F000EB424 /* AuthorizationViewController.swift */ = {isa = PBXFileReference; lastKnownFileType = sourcecode.swift; path = AuthorizationViewController.swift; sourceTree = "<group>"; };
		6341B47D29E9D15F000EB424 /* AuthorizationModuleConfigurator.swift */ = {isa = PBXFileReference; lastKnownFileType = sourcecode.swift; path = AuthorizationModuleConfigurator.swift; sourceTree = "<group>"; };
		6379293829D06A78007667EE /* HSE-iOS-Sklif.app */ = {isa = PBXFileReference; explicitFileType = wrapper.application; includeInIndex = 0; path = "HSE-iOS-Sklif.app"; sourceTree = BUILT_PRODUCTS_DIR; };
		6379293B29D06A78007667EE /* AppDelegate.swift */ = {isa = PBXFileReference; lastKnownFileType = sourcecode.swift; path = AppDelegate.swift; sourceTree = "<group>"; };
		6379293F29D06A78007667EE /* ViewController.swift */ = {isa = PBXFileReference; lastKnownFileType = sourcecode.swift; path = ViewController.swift; sourceTree = "<group>"; };
		6379294429D06A7B007667EE /* Assets.xcassets */ = {isa = PBXFileReference; lastKnownFileType = folder.assetcatalog; path = Assets.xcassets; sourceTree = "<group>"; };
		6379294729D06A7B007667EE /* Base */ = {isa = PBXFileReference; lastKnownFileType = file.storyboard; name = Base; path = Base.lproj/LaunchScreen.storyboard; sourceTree = "<group>"; };
		6379294929D06A7B007667EE /* Info.plist */ = {isa = PBXFileReference; lastKnownFileType = text.plist.xml; path = Info.plist; sourceTree = "<group>"; };
		6379295529D07891007667EE /* DicomFilesPresenter.swift */ = {isa = PBXFileReference; lastKnownFileType = sourcecode.swift; path = DicomFilesPresenter.swift; sourceTree = "<group>"; };
		6379295629D07891007667EE /* DicomFilesRouter.swift */ = {isa = PBXFileReference; lastKnownFileType = sourcecode.swift; path = DicomFilesRouter.swift; sourceTree = "<group>"; };
		6379295729D07891007667EE /* DicomFilesViewController.swift */ = {isa = PBXFileReference; lastKnownFileType = sourcecode.swift; path = DicomFilesViewController.swift; sourceTree = "<group>"; };
		6379295829D07891007667EE /* DicomFilesModuleConfigurator.swift */ = {isa = PBXFileReference; lastKnownFileType = sourcecode.swift; path = DicomFilesModuleConfigurator.swift; sourceTree = "<group>"; };
		638D05C829D30E27001D0C38 /* MarkupScreenPresenter.swift */ = {isa = PBXFileReference; lastKnownFileType = sourcecode.swift; path = MarkupScreenPresenter.swift; sourceTree = "<group>"; };
		638D05C929D30E27001D0C38 /* MarkupScreenRouter.swift */ = {isa = PBXFileReference; lastKnownFileType = sourcecode.swift; path = MarkupScreenRouter.swift; sourceTree = "<group>"; };
		638D05CA29D30E27001D0C38 /* MarkupScreenViewController.swift */ = {isa = PBXFileReference; lastKnownFileType = sourcecode.swift; path = MarkupScreenViewController.swift; sourceTree = "<group>"; };
		638D05CB29D30E27001D0C38 /* MarkupScreenModuleConfigurator.swift */ = {isa = PBXFileReference; lastKnownFileType = sourcecode.swift; path = MarkupScreenModuleConfigurator.swift; sourceTree = "<group>"; };
		63CD854E29D1C3E800B0C6EC /* TableViewCell.swift */ = {isa = PBXFileReference; lastKnownFileType = sourcecode.swift; path = TableViewCell.swift; sourceTree = "<group>"; };
		63CD855129D1D0A700B0C6EC /* ExtUIColor.swift */ = {isa = PBXFileReference; lastKnownFileType = sourcecode.swift; path = ExtUIColor.swift; sourceTree = "<group>"; };
/* End PBXFileReference section */

/* Begin PBXFrameworksBuildPhase section */
		6379293529D06A78007667EE /* Frameworks */ = {
			isa = PBXFrameworksBuildPhase;
			buildActionMask = 2147483647;
			files = (
				6379295129D0780E007667EE /* SnapKit in Frameworks */,
				631AC9A229E2D594007924E2 /* ZIPFoundation in Frameworks */,
			);
			runOnlyForDeploymentPostprocessing = 0;
		};
/* End PBXFrameworksBuildPhase section */

/* Begin PBXGroup section */
		6341B47929E9D119000EB424 /* Authorization */ = {
			isa = PBXGroup;
			children = (
				6341B47D29E9D15F000EB424 /* AuthorizationModuleConfigurator.swift */,
				6341B48529E9D1A5000EB424 /* Router */,
				6341B48429E9D19F000EB424 /* View */,
				6341B48329E9D198000EB424 /* Presenter */,
				6341B48229E9D191000EB424 /* Model */,
			);
			path = Authorization;
			sourceTree = "<group>";
		};
		6341B48229E9D191000EB424 /* Model */ = {
			isa = PBXGroup;
			children = (
			);
			path = Model;
			sourceTree = "<group>";
		};
		6341B48329E9D198000EB424 /* Presenter */ = {
			isa = PBXGroup;
			children = (
				6341B47A29E9D15F000EB424 /* AuthorizationPresenter.swift */,
			);
			path = Presenter;
			sourceTree = "<group>";
		};
		6341B48429E9D19F000EB424 /* View */ = {
			isa = PBXGroup;
			children = (
				6341B47C29E9D15F000EB424 /* AuthorizationViewController.swift */,
			);
			path = View;
			sourceTree = "<group>";
		};
		6341B48529E9D1A5000EB424 /* Router */ = {
			isa = PBXGroup;
			children = (
				6341B47B29E9D15F000EB424 /* AuthorizationRouter.swift */,
			);
			path = Router;
			sourceTree = "<group>";
		};
		6379292F29D06A78007667EE = {
			isa = PBXGroup;
			children = (
				6379293A29D06A78007667EE /* HSE-iOS-Sklif */,
				6379293929D06A78007667EE /* Products */,
			);
			sourceTree = "<group>";
		};
		6379293929D06A78007667EE /* Products */ = {
			isa = PBXGroup;
			children = (
				6379293829D06A78007667EE /* HSE-iOS-Sklif.app */,
			);
			name = Products;
			sourceTree = "<group>";
		};
		6379293A29D06A78007667EE /* HSE-iOS-Sklif */ = {
			isa = PBXGroup;
			children = (
				63CD855029D1D09000B0C6EC /* Extensions */,
				6379295229D0785D007667EE /* Modules */,
				6379294429D06A7B007667EE /* Assets.xcassets */,
				6379294629D06A7B007667EE /* LaunchScreen.storyboard */,
				6379294929D06A7B007667EE /* Info.plist */,
			);
			path = "HSE-iOS-Sklif";
			sourceTree = "<group>";
		};
		6379295229D0785D007667EE /* Modules */ = {
			isa = PBXGroup;
			children = (
				638D05C629D30D5C001D0C38 /* Main */,
				6341B47929E9D119000EB424 /* Authorization */,
				6379295329D07873007667EE /* DicomSeries */,
				638D05C729D30DD0001D0C38 /* MarkupScreen */,
			);
			path = Modules;
			sourceTree = "<group>";
		};
		6379295329D07873007667EE /* DicomSeries */ = {
			isa = PBXGroup;
			children = (
				6379295829D07891007667EE /* DicomFilesModuleConfigurator.swift */,
				6379296029D07A7B007667EE /* Router */,
				6379295F29D07A73007667EE /* View */,
				6379295E29D07A68007667EE /* Presenter */,
				6379295D29D079DD007667EE /* Model */,
			);
			path = DicomSeries;
			sourceTree = "<group>";
		};
		6379295D29D079DD007667EE /* Model */ = {
			isa = PBXGroup;
			children = (
				63CD854E29D1C3E800B0C6EC /* TableViewCell.swift */,
			);
			path = Model;
			sourceTree = "<group>";
		};
		6379295E29D07A68007667EE /* Presenter */ = {
			isa = PBXGroup;
			children = (
				6379295529D07891007667EE /* DicomFilesPresenter.swift */,
			);
			path = Presenter;
			sourceTree = "<group>";
		};
		6379295F29D07A73007667EE /* View */ = {
			isa = PBXGroup;
			children = (
				6379295729D07891007667EE /* DicomFilesViewController.swift */,
			);
			path = View;
			sourceTree = "<group>";
		};
		6379296029D07A7B007667EE /* Router */ = {
			isa = PBXGroup;
			children = (
				6379295629D07891007667EE /* DicomFilesRouter.swift */,
			);
			path = Router;
			sourceTree = "<group>";
		};
		638D05C629D30D5C001D0C38 /* Main */ = {
			isa = PBXGroup;
			children = (
				6379293F29D06A78007667EE /* ViewController.swift */,
				6379293B29D06A78007667EE /* AppDelegate.swift */,
			);
			path = Main;
			sourceTree = "<group>";
		};
		638D05C729D30DD0001D0C38 /* MarkupScreen */ = {
			isa = PBXGroup;
			children = (
				638D05CB29D30E27001D0C38 /* MarkupScreenModuleConfigurator.swift */,
				638D05D329D30E68001D0C38 /* Router */,
				638D05D229D30E4F001D0C38 /* View */,
				638D05D129D30E3F001D0C38 /* Presenter */,
				638D05D029D30E34001D0C38 /* Model */,
			);
			path = MarkupScreen;
			sourceTree = "<group>";
		};
		638D05D029D30E34001D0C38 /* Model */ = {
			isa = PBXGroup;
			children = (
			);
			path = Model;
			sourceTree = "<group>";
		};
		638D05D129D30E3F001D0C38 /* Presenter */ = {
			isa = PBXGroup;
			children = (
				638D05C829D30E27001D0C38 /* MarkupScreenPresenter.swift */,
			);
			path = Presenter;
			sourceTree = "<group>";
		};
		638D05D229D30E4F001D0C38 /* View */ = {
			isa = PBXGroup;
			children = (
				638D05CA29D30E27001D0C38 /* MarkupScreenViewController.swift */,
			);
			path = View;
			sourceTree = "<group>";
		};
		638D05D329D30E68001D0C38 /* Router */ = {
			isa = PBXGroup;
			children = (
				638D05C929D30E27001D0C38 /* MarkupScreenRouter.swift */,
			);
			path = Router;
			sourceTree = "<group>";
		};
		63CD855029D1D09000B0C6EC /* Extensions */ = {
			isa = PBXGroup;
			children = (
				63CD855129D1D0A700B0C6EC /* ExtUIColor.swift */,
			);
			path = Extensions;
			sourceTree = "<group>";
		};
/* End PBXGroup section */

/* Begin PBXNativeTarget section */
		6379293729D06A78007667EE /* HSE-iOS-Sklif */ = {
			isa = PBXNativeTarget;
			buildConfigurationList = 6379294C29D06A7B007667EE /* Build configuration list for PBXNativeTarget "HSE-iOS-Sklif" */;
			buildPhases = (
				6379293429D06A78007667EE /* Sources */,
				6379293529D06A78007667EE /* Frameworks */,
				6379293629D06A78007667EE /* Resources */,
			);
			buildRules = (
			);
			dependencies = (
			);
			name = "HSE-iOS-Sklif";
			packageProductDependencies = (
				6379295029D0780E007667EE /* SnapKit */,
				631AC9A129E2D594007924E2 /* ZIPFoundation */,
			);
			productName = "HSE-iOS-Sklif";
			productReference = 6379293829D06A78007667EE /* HSE-iOS-Sklif.app */;
			productType = "com.apple.product-type.application";
		};
/* End PBXNativeTarget section */

/* Begin PBXProject section */
		6379293029D06A78007667EE /* Project object */ = {
			isa = PBXProject;
			attributes = {
				BuildIndependentTargetsInParallel = 1;
				LastSwiftUpdateCheck = 1410;
				LastUpgradeCheck = 1410;
				TargetAttributes = {
					6379293729D06A78007667EE = {
						CreatedOnToolsVersion = 14.1;
					};
				};
			};
			buildConfigurationList = 6379293329D06A78007667EE /* Build configuration list for PBXProject "HSE-iOS-Sklif" */;
			compatibilityVersion = "Xcode 14.0";
			developmentRegion = en;
			hasScannedForEncodings = 0;
			knownRegions = (
				en,
				Base,
			);
			mainGroup = 6379292F29D06A78007667EE;
			packageReferences = (
				6379294F29D0780E007667EE /* XCRemoteSwiftPackageReference "SnapKit" */,
				631AC9A029E2D594007924E2 /* XCRemoteSwiftPackageReference "ZIPFoundation" */,
			);
			productRefGroup = 6379293929D06A78007667EE /* Products */;
			projectDirPath = "";
			projectRoot = "";
			targets = (
				6379293729D06A78007667EE /* HSE-iOS-Sklif */,
			);
		};
/* End PBXProject section */

/* Begin PBXResourcesBuildPhase section */
		6379293629D06A78007667EE /* Resources */ = {
			isa = PBXResourcesBuildPhase;
			buildActionMask = 2147483647;
			files = (
				6379294829D06A7B007667EE /* LaunchScreen.storyboard in Resources */,
				6379294529D06A7B007667EE /* Assets.xcassets in Resources */,
			);
			runOnlyForDeploymentPostprocessing = 0;
		};
/* End PBXResourcesBuildPhase section */

/* Begin PBXSourcesBuildPhase section */
		6379293429D06A78007667EE /* Sources */ = {
			isa = PBXSourcesBuildPhase;
			buildActionMask = 2147483647;
			files = (
				6341B47F29E9D15F000EB424 /* AuthorizationRouter.swift in Sources */,
				6379294029D06A78007667EE /* ViewController.swift in Sources */,
				63CD855229D1D0A700B0C6EC /* ExtUIColor.swift in Sources */,
				6341B48029E9D15F000EB424 /* AuthorizationViewController.swift in Sources */,
				6379295A29D07891007667EE /* DicomFilesRouter.swift in Sources */,
				6379295929D07891007667EE /* DicomFilesPresenter.swift in Sources */,
				638D05CF29D30E27001D0C38 /* MarkupScreenModuleConfigurator.swift in Sources */,
				6379295C29D07891007667EE /* DicomFilesModuleConfigurator.swift in Sources */,
				6379293C29D06A78007667EE /* AppDelegate.swift in Sources */,
				63CD854F29D1C3E800B0C6EC /* TableViewCell.swift in Sources */,
				6341B48129E9D15F000EB424 /* AuthorizationModuleConfigurator.swift in Sources */,
				6341B47E29E9D15F000EB424 /* AuthorizationPresenter.swift in Sources */,
				638D05CE29D30E27001D0C38 /* MarkupScreenViewController.swift in Sources */,
				6379295B29D07891007667EE /* DicomFilesViewController.swift in Sources */,
				638D05CD29D30E27001D0C38 /* MarkupScreenRouter.swift in Sources */,
				638D05CC29D30E27001D0C38 /* MarkupScreenPresenter.swift in Sources */,
			);
			runOnlyForDeploymentPostprocessing = 0;
		};
/* End PBXSourcesBuildPhase section */

/* Begin PBXVariantGroup section */
		6379294629D06A7B007667EE /* LaunchScreen.storyboard */ = {
			isa = PBXVariantGroup;
			children = (
				6379294729D06A7B007667EE /* Base */,
			);
			name = LaunchScreen.storyboard;
			sourceTree = "<group>";
		};
/* End PBXVariantGroup section */

/* Begin XCBuildConfiguration section */
		6379294A29D06A7B007667EE /* Debug */ = {
			isa = XCBuildConfiguration;
			buildSettings = {
				ALWAYS_SEARCH_USER_PATHS = NO;
				CLANG_ANALYZER_NONNULL = YES;
				CLANG_ANALYZER_NUMBER_OBJECT_CONVERSION = YES_AGGRESSIVE;
				CLANG_CXX_LANGUAGE_STANDARD = "gnu++20";
				CLANG_ENABLE_MODULES = YES;
				CLANG_ENABLE_OBJC_ARC = YES;
				CLANG_ENABLE_OBJC_WEAK = YES;
				CLANG_WARN_BLOCK_CAPTURE_AUTORELEASING = YES;
				CLANG_WARN_BOOL_CONVERSION = YES;
				CLANG_WARN_COMMA = YES;
				CLANG_WARN_CONSTANT_CONVERSION = YES;
				CLANG_WARN_DEPRECATED_OBJC_IMPLEMENTATIONS = YES;
				CLANG_WARN_DIRECT_OBJC_ISA_USAGE = YES_ERROR;
				CLANG_WARN_DOCUMENTATION_COMMENTS = YES;
				CLANG_WARN_EMPTY_BODY = YES;
				CLANG_WARN_ENUM_CONVERSION = YES;
				CLANG_WARN_INFINITE_RECURSION = YES;
				CLANG_WARN_INT_CONVERSION = YES;
				CLANG_WARN_NON_LITERAL_NULL_CONVERSION = YES;
				CLANG_WARN_OBJC_IMPLICIT_RETAIN_SELF = YES;
				CLANG_WARN_OBJC_LITERAL_CONVERSION = YES;
				CLANG_WARN_OBJC_ROOT_CLASS = YES_ERROR;
				CLANG_WARN_QUOTED_INCLUDE_IN_FRAMEWORK_HEADER = YES;
				CLANG_WARN_RANGE_LOOP_ANALYSIS = YES;
				CLANG_WARN_STRICT_PROTOTYPES = YES;
				CLANG_WARN_SUSPICIOUS_MOVE = YES;
				CLANG_WARN_UNGUARDED_AVAILABILITY = YES_AGGRESSIVE;
				CLANG_WARN_UNREACHABLE_CODE = YES;
				CLANG_WARN__DUPLICATE_METHOD_MATCH = YES;
				COPY_PHASE_STRIP = NO;
				DEBUG_INFORMATION_FORMAT = dwarf;
				ENABLE_STRICT_OBJC_MSGSEND = YES;
				ENABLE_TESTABILITY = YES;
				GCC_C_LANGUAGE_STANDARD = gnu11;
				GCC_DYNAMIC_NO_PIC = NO;
				GCC_NO_COMMON_BLOCKS = YES;
				GCC_OPTIMIZATION_LEVEL = 0;
				GCC_PREPROCESSOR_DEFINITIONS = (
					"DEBUG=1",
					"$(inherited)",
				);
				GCC_WARN_64_TO_32_BIT_CONVERSION = YES;
				GCC_WARN_ABOUT_RETURN_TYPE = YES_ERROR;
				GCC_WARN_UNDECLARED_SELECTOR = YES;
				GCC_WARN_UNINITIALIZED_AUTOS = YES_AGGRESSIVE;
				GCC_WARN_UNUSED_FUNCTION = YES;
				GCC_WARN_UNUSED_VARIABLE = YES;
				IPHONEOS_DEPLOYMENT_TARGET = 16.1;
				MTL_ENABLE_DEBUG_INFO = INCLUDE_SOURCE;
				MTL_FAST_MATH = YES;
				ONLY_ACTIVE_ARCH = YES;
				SDKROOT = iphoneos;
				SWIFT_ACTIVE_COMPILATION_CONDITIONS = DEBUG;
				SWIFT_OPTIMIZATION_LEVEL = "-Onone";
			};
			name = Debug;
		};
		6379294B29D06A7B007667EE /* Release */ = {
			isa = XCBuildConfiguration;
			buildSettings = {
				ALWAYS_SEARCH_USER_PATHS = NO;
				CLANG_ANALYZER_NONNULL = YES;
				CLANG_ANALYZER_NUMBER_OBJECT_CONVERSION = YES_AGGRESSIVE;
				CLANG_CXX_LANGUAGE_STANDARD = "gnu++20";
				CLANG_ENABLE_MODULES = YES;
				CLANG_ENABLE_OBJC_ARC = YES;
				CLANG_ENABLE_OBJC_WEAK = YES;
				CLANG_WARN_BLOCK_CAPTURE_AUTORELEASING = YES;
				CLANG_WARN_BOOL_CONVERSION = YES;
				CLANG_WARN_COMMA = YES;
				CLANG_WARN_CONSTANT_CONVERSION = YES;
				CLANG_WARN_DEPRECATED_OBJC_IMPLEMENTATIONS = YES;
				CLANG_WARN_DIRECT_OBJC_ISA_USAGE = YES_ERROR;
				CLANG_WARN_DOCUMENTATION_COMMENTS = YES;
				CLANG_WARN_EMPTY_BODY = YES;
				CLANG_WARN_ENUM_CONVERSION = YES;
				CLANG_WARN_INFINITE_RECURSION = YES;
				CLANG_WARN_INT_CONVERSION = YES;
				CLANG_WARN_NON_LITERAL_NULL_CONVERSION = YES;
				CLANG_WARN_OBJC_IMPLICIT_RETAIN_SELF = YES;
				CLANG_WARN_OBJC_LITERAL_CONVERSION = YES;
				CLANG_WARN_OBJC_ROOT_CLASS = YES_ERROR;
				CLANG_WARN_QUOTED_INCLUDE_IN_FRAMEWORK_HEADER = YES;
				CLANG_WARN_RANGE_LOOP_ANALYSIS = YES;
				CLANG_WARN_STRICT_PROTOTYPES = YES;
				CLANG_WARN_SUSPICIOUS_MOVE = YES;
				CLANG_WARN_UNGUARDED_AVAILABILITY = YES_AGGRESSIVE;
				CLANG_WARN_UNREACHABLE_CODE = YES;
				CLANG_WARN__DUPLICATE_METHOD_MATCH = YES;
				COPY_PHASE_STRIP = NO;
				DEBUG_INFORMATION_FORMAT = "dwarf-with-dsym";
				ENABLE_NS_ASSERTIONS = NO;
				ENABLE_STRICT_OBJC_MSGSEND = YES;
				GCC_C_LANGUAGE_STANDARD = gnu11;
				GCC_NO_COMMON_BLOCKS = YES;
				GCC_WARN_64_TO_32_BIT_CONVERSION = YES;
				GCC_WARN_ABOUT_RETURN_TYPE = YES_ERROR;
				GCC_WARN_UNDECLARED_SELECTOR = YES;
				GCC_WARN_UNINITIALIZED_AUTOS = YES_AGGRESSIVE;
				GCC_WARN_UNUSED_FUNCTION = YES;
				GCC_WARN_UNUSED_VARIABLE = YES;
				IPHONEOS_DEPLOYMENT_TARGET = 16.1;
				MTL_ENABLE_DEBUG_INFO = NO;
				MTL_FAST_MATH = YES;
				SDKROOT = iphoneos;
				SWIFT_COMPILATION_MODE = wholemodule;
				SWIFT_OPTIMIZATION_LEVEL = "-O";
				VALIDATE_PRODUCT = YES;
			};
			name = Release;
		};
		6379294D29D06A7B007667EE /* Debug */ = {
			isa = XCBuildConfiguration;
			buildSettings = {
				ASSETCATALOG_COMPILER_APPICON_NAME = AppIcon;
				ASSETCATALOG_COMPILER_GLOBAL_ACCENT_COLOR_NAME = AccentColor;
				CODE_SIGN_STYLE = Automatic;
				CURRENT_PROJECT_VERSION = 1;
				DEVELOPMENT_TEAM = V6LT92FY3N;
				GENERATE_INFOPLIST_FILE = YES;
				INFOPLIST_FILE = "HSE-iOS-Sklif/Info.plist";
				INFOPLIST_KEY_UIApplicationSupportsIndirectInputEvents = YES;
				INFOPLIST_KEY_UILaunchStoryboardName = LaunchScreen;
				INFOPLIST_KEY_UISupportedInterfaceOrientations_iPad = "UIInterfaceOrientationPortrait UIInterfaceOrientationPortraitUpsideDown UIInterfaceOrientationLandscapeLeft UIInterfaceOrientationLandscapeRight";
				INFOPLIST_KEY_UISupportedInterfaceOrientations_iPhone = "UIInterfaceOrientationPortrait UIInterfaceOrientationLandscapeLeft UIInterfaceOrientationLandscapeRight";
				LD_RUNPATH_SEARCH_PATHS = (
					"$(inherited)",
					"@executable_path/Frameworks",
				);
				MARKETING_VERSION = 1.0;
				PRODUCT_BUNDLE_IDENTIFIER = "abrosov-sergey.HSE-iOS-Sklif";
				PRODUCT_NAME = "$(TARGET_NAME)";
				SWIFT_EMIT_LOC_STRINGS = YES;
				SWIFT_VERSION = 5.0;
				TARGETED_DEVICE_FAMILY = "1,2";
			};
			name = Debug;
		};
		6379294E29D06A7B007667EE /* Release */ = {
			isa = XCBuildConfiguration;
			buildSettings = {
				ASSETCATALOG_COMPILER_APPICON_NAME = AppIcon;
				ASSETCATALOG_COMPILER_GLOBAL_ACCENT_COLOR_NAME = AccentColor;
				CODE_SIGN_STYLE = Automatic;
				CURRENT_PROJECT_VERSION = 1;
				DEVELOPMENT_TEAM = V6LT92FY3N;
				GENERATE_INFOPLIST_FILE = YES;
				INFOPLIST_FILE = "HSE-iOS-Sklif/Info.plist";
				INFOPLIST_KEY_UIApplicationSupportsIndirectInputEvents = YES;
				INFOPLIST_KEY_UILaunchStoryboardName = LaunchScreen;
				INFOPLIST_KEY_UISupportedInterfaceOrientations_iPad = "UIInterfaceOrientationPortrait UIInterfaceOrientationPortraitUpsideDown UIInterfaceOrientationLandscapeLeft UIInterfaceOrientationLandscapeRight";
				INFOPLIST_KEY_UISupportedInterfaceOrientations_iPhone = "UIInterfaceOrientationPortrait UIInterfaceOrientationLandscapeLeft UIInterfaceOrientationLandscapeRight";
				LD_RUNPATH_SEARCH_PATHS = (
					"$(inherited)",
					"@executable_path/Frameworks",
				);
				MARKETING_VERSION = 1.0;
				PRODUCT_BUNDLE_IDENTIFIER = "abrosov-sergey.HSE-iOS-Sklif";
				PRODUCT_NAME = "$(TARGET_NAME)";
				SWIFT_EMIT_LOC_STRINGS = YES;
				SWIFT_VERSION = 5.0;
				TARGETED_DEVICE_FAMILY = "1,2";
			};
			name = Release;
		};
/* End XCBuildConfiguration section */

/* Begin XCConfigurationList section */
		6379293329D06A78007667EE /* Build configuration list for PBXProject "HSE-iOS-Sklif" */ = {
			isa = XCConfigurationList;
			buildConfigurations = (
				6379294A29D06A7B007667EE /* Debug */,
				6379294B29D06A7B007667EE /* Release */,
			);
			defaultConfigurationIsVisible = 0;
			defaultConfigurationName = Release;
		};
		6379294C29D06A7B007667EE /* Build configuration list for PBXNativeTarget "HSE-iOS-Sklif" */ = {
			isa = XCConfigurationList;
			buildConfigurations = (
				6379294D29D06A7B007667EE /* Debug */,
				6379294E29D06A7B007667EE /* Release */,
			);
			defaultConfigurationIsVisible = 0;
			defaultConfigurationName = Release;
		};
/* End XCConfigurationList section */

/* Begin XCRemoteSwiftPackageReference section */
		631AC9A029E2D594007924E2 /* XCRemoteSwiftPackageReference "ZIPFoundation" */ = {
			isa = XCRemoteSwiftPackageReference;
			repositoryURL = "https://github.com/weichsel/ZIPFoundation.git";
			requirement = {
				kind = upToNextMajorVersion;
				minimumVersion = 0.9.9;
			};
		};
		6379294F29D0780E007667EE /* XCRemoteSwiftPackageReference "SnapKit" */ = {
			isa = XCRemoteSwiftPackageReference;
			repositoryURL = "https://github.com/SnapKit/SnapKit.git";
			requirement = {
				kind = upToNextMajorVersion;
				minimumVersion = 5.0.0;
			};
		};
/* End XCRemoteSwiftPackageReference section */

/* Begin XCSwiftPackageProductDependency section */
		631AC9A129E2D594007924E2 /* ZIPFoundation */ = {
			isa = XCSwiftPackageProductDependency;
			package = 631AC9A029E2D594007924E2 /* XCRemoteSwiftPackageReference "ZIPFoundation" */;
			productName = ZIPFoundation;
		};
		6379295029D0780E007667EE /* SnapKit */ = {
			isa = XCSwiftPackageProductDependency;
			package = 6379294F29D0780E007667EE /* XCRemoteSwiftPackageReference "SnapKit" */;
			productName = SnapKit;
		};
/* End XCSwiftPackageProductDependency section */
	};
	rootObject = 6379293029D06A78007667EE /* Project object */;
}
